
Microsoft Visual Studio Solution File, Format Version 12.00
# Visual Studio Version 17
VisualStudioVersion = 17.8.34330.188
MinimumVisualStudioVersion = 10.0.40219.1
Project("{9A19103F-16F7-4668-BE54-9A1E7A4F7556}") = "ServiceApiExample", "ServiceApiExample.csproj", "{AC969739-0311-462D-86B1-E07458A65732}"
EndProject
Project("{2150E333-8FDC-42A3-9474-1A3956D46DE8}") = "Solution Items", "Solution Items", "{8ACABFE6-E4FB-445E-87E8-34A5B8A32122}"
	ProjectSection(SolutionItems) = preProject
		.editorconfig = .editorconfig
	EndProjectSection
EndProject
Global
	GlobalSection(SolutionConfigurationPlatforms) = preSolution
		Debug|Any CPU = Debug|Any CPU
		Release|Any CPU = Release|Any CPU
	EndGlobalSection
	GlobalSection(ProjectConfigurationPlatforms) = postSolution
		{AC969739-0311-462D-86B1-E07458A65732}.Debug|Any CPU.ActiveCfg = Debug|Any CPU
		{AC969739-0311-462D-86B1-E07458A65732}.Debug|Any CPU.Build.0 = Debug|Any CPU
		{AC969739-0311-462D-86B1-E07458A65732}.Release|Any CPU.ActiveCfg = Release|Any CPU
		{AC969739-0311-462D-86B1-E07458A65732}.Release|Any CPU.Build.0 = Release|Any CPU
	EndGlobalSection
	GlobalSection(SolutionProperties) = preSolution
		HideSolutionNode = FALSE
	EndGlobalSection
	GlobalSection(ExtensibilityGlobals) = postSolution
		SolutionGuid = {0D48A818-D1A8-46F5-932D-AB892DEC2FB7}
	EndGlobalSection
EndGlobal
